
Microsoft Visual Studio Solution File, Format Version 12.00
# Visual Studio 2013
VisualStudioVersion = 12.0.40629.0
MinimumVisualStudioVersion = 10.0.40219.1
Project("{8BC9CEB8-8B4A-11D0-8D11-00A0C91BC942}") = "Assignment", "Assignment.vcxproj", "{C9488B98-95E3-4FA0-A281-375E7CE03D55}"
EndProject
Global
	GlobalSection(SolutionConfigurationPlatforms) = preSolution
		Debug|Win32 = Debug|Win32
		Release|Win32 = Release|Win32
	EndGlobalSection
	GlobalSection(ProjectConfigurationPlatforms) = postSolution
		{C9488B98-95E3-4FA0-A281-375E7CE03D55}.Debug|Win32.ActiveCfg = Debug|Win32
		{C9488B98-95E3-4FA0-A281-375E7CE03D55}.Debug|Win32.Build.0 = Debug|Win32
		{C9488B98-95E3-4FA0-A281-375E7CE03D55}.Release|Win32.ActiveCfg = Release|Win32
		{C9488B98-95E3-4FA0-A281-375E7CE03D55}.Release|Win32.Build.0 = Release|Win32
	EndGlobalSection
	GlobalSection(SolutionProperties) = preSolution
		HideSolutionNode = FALSE
	EndGlobalSection
EndGlobal
